// !$*UTF8*$!
{
	archiveVersion = 1;
	classes = {
	};
	objectVersion = 56;
	objects = {

/* Begin PBXBuildFile section */
		517F4713290AF7D300BD9DF1 /* AppDelegate.swift in Sources */ = {isa = PBXBuildFile; fileRef = 517F4712290AF7D300BD9DF1 /* AppDelegate.swift */; };
		517F4715290AF7D300BD9DF1 /* SceneDelegate.swift in Sources */ = {isa = PBXBuildFile; fileRef = 517F4714290AF7D300BD9DF1 /* SceneDelegate.swift */; };
		517F471A290AF7D300BD9DF1 /* Main.storyboard in Resources */ = {isa = PBXBuildFile; fileRef = 517F4718290AF7D300BD9DF1 /* Main.storyboard */; };
		517F471C290AF7D500BD9DF1 /* Assets.xcassets in Resources */ = {isa = PBXBuildFile; fileRef = 517F471B290AF7D500BD9DF1 /* Assets.xcassets */; };
		517F471F290AF7D500BD9DF1 /* LaunchScreen.storyboard in Resources */ = {isa = PBXBuildFile; fileRef = 517F471D290AF7D500BD9DF1 /* LaunchScreen.storyboard */; };
		517F4728290AF7FE00BD9DF1 /* RxCocoa in Frameworks */ = {isa = PBXBuildFile; productRef = 517F4727290AF7FE00BD9DF1 /* RxCocoa */; };
		517F472A290AF7FE00BD9DF1 /* RxRelay in Frameworks */ = {isa = PBXBuildFile; productRef = 517F4729290AF7FE00BD9DF1 /* RxRelay */; };
		517F472C290AF7FE00BD9DF1 /* RxSwift in Frameworks */ = {isa = PBXBuildFile; productRef = 517F472B290AF7FE00BD9DF1 /* RxSwift */; };
		517F472F290AF91800BD9DF1 /* NewsTableViewController.swift in Sources */ = {isa = PBXBuildFile; fileRef = 517F472E290AF91800BD9DF1 /* NewsTableViewController.swift */; };
		517F4732290AFB4100BD9DF1 /* Article.swift in Sources */ = {isa = PBXBuildFile; fileRef = 517F4731290AFB4100BD9DF1 /* Article.swift */; };
/* End PBXBuildFile section */

/* Begin PBXFileReference section */
		517F470F290AF7D300BD9DF1 /* NewsAppMVVMRx.app */ = {isa = PBXFileReference; explicitFileType = wrapper.application; includeInIndex = 0; path = NewsAppMVVMRx.app; sourceTree = BUILT_PRODUCTS_DIR; };
		517F4712290AF7D300BD9DF1 /* AppDelegate.swift */ = {isa = PBXFileReference; lastKnownFileType = sourcecode.swift; path = AppDelegate.swift; sourceTree = "<group>"; };
		517F4714290AF7D300BD9DF1 /* SceneDelegate.swift */ = {isa = PBXFileReference; lastKnownFileType = sourcecode.swift; path = SceneDelegate.swift; sourceTree = "<group>"; };
		517F4719290AF7D300BD9DF1 /* Base */ = {isa = PBXFileReference; lastKnownFileType = file.storyboard; name = Base; path = Base.lproj/Main.storyboard; sourceTree = "<group>"; };
		517F471B290AF7D500BD9DF1 /* Assets.xcassets */ = {isa = PBXFileReference; lastKnownFileType = folder.assetcatalog; path = Assets.xcassets; sourceTree = "<group>"; };
		517F471E290AF7D500BD9DF1 /* Base */ = {isa = PBXFileReference; lastKnownFileType = file.storyboard; name = Base; path = Base.lproj/LaunchScreen.storyboard; sourceTree = "<group>"; };
		517F4720290AF7D500BD9DF1 /* Info.plist */ = {isa = PBXFileReference; lastKnownFileType = text.plist.xml; path = Info.plist; sourceTree = "<group>"; };
		517F472E290AF91800BD9DF1 /* NewsTableViewController.swift */ = {isa = PBXFileReference; lastKnownFileType = sourcecode.swift; path = NewsTableViewController.swift; sourceTree = "<group>"; };
		517F4731290AFB4100BD9DF1 /* Article.swift */ = {isa = PBXFileReference; lastKnownFileType = sourcecode.swift; path = Article.swift; sourceTree = "<group>"; };
/* End PBXFileReference section */

/* Begin PBXFrameworksBuildPhase section */
		517F470C290AF7D300BD9DF1 /* Frameworks */ = {
			isa = PBXFrameworksBuildPhase;
			buildActionMask = 2147483647;
			files = (
				517F472C290AF7FE00BD9DF1 /* RxSwift in Frameworks */,
				517F472A290AF7FE00BD9DF1 /* RxRelay in Frameworks */,
				517F4728290AF7FE00BD9DF1 /* RxCocoa in Frameworks */,
			);
			runOnlyForDeploymentPostprocessing = 0;
		};
/* End PBXFrameworksBuildPhase section */

/* Begin PBXGroup section */
		517F4706290AF7D300BD9DF1 = {
			isa = PBXGroup;
			children = (
				517F4711290AF7D300BD9DF1 /* NewsAppMVVMRx */,
				517F4710290AF7D300BD9DF1 /* Products */,
			);
			sourceTree = "<group>";
		};
		517F4710290AF7D300BD9DF1 /* Products */ = {
			isa = PBXGroup;
			children = (
				517F470F290AF7D300BD9DF1 /* NewsAppMVVMRx.app */,
			);
			name = Products;
			sourceTree = "<group>";
		};
		517F4711290AF7D300BD9DF1 /* NewsAppMVVMRx */ = {
			isa = PBXGroup;
			children = (
				517F4730290AFB3300BD9DF1 /* Models */,
				517F472D290AF8C400BD9DF1 /* Controllers */,
				517F4712290AF7D300BD9DF1 /* AppDelegate.swift */,
				517F4714290AF7D300BD9DF1 /* SceneDelegate.swift */,
				517F4718290AF7D300BD9DF1 /* Main.storyboard */,
				517F471B290AF7D500BD9DF1 /* Assets.xcassets */,
				517F471D290AF7D500BD9DF1 /* LaunchScreen.storyboard */,
				517F4720290AF7D500BD9DF1 /* Info.plist */,
			);
			path = NewsAppMVVMRx;
			sourceTree = "<group>";
		};
		517F472D290AF8C400BD9DF1 /* Controllers */ = {
			isa = PBXGroup;
			children = (
				517F472E290AF91800BD9DF1 /* NewsTableViewController.swift */,
			);
			path = Controllers;
			sourceTree = "<group>";
		};
		517F4730290AFB3300BD9DF1 /* Models */ = {
			isa = PBXGroup;
			children = (
				517F4731290AFB4100BD9DF1 /* Article.swift */,
			);
			path = Models;
			sourceTree = "<group>";
		};
/* End PBXGroup section */

/* Begin PBXNativeTarget section */
		517F470E290AF7D300BD9DF1 /* NewsAppMVVMRx */ = {
			isa = PBXNativeTarget;
			buildConfigurationList = 517F4723290AF7D500BD9DF1 /* Build configuration list for PBXNativeTarget "NewsAppMVVMRx" */;
			buildPhases = (
				517F470B290AF7D300BD9DF1 /* Sources */,
				517F470C290AF7D300BD9DF1 /* Frameworks */,
				517F470D290AF7D300BD9DF1 /* Resources */,
			);
			buildRules = (
			);
			dependencies = (
			);
			name = NewsAppMVVMRx;
			packageProductDependencies = (
				517F4727290AF7FE00BD9DF1 /* RxCocoa */,
				517F4729290AF7FE00BD9DF1 /* RxRelay */,
				517F472B290AF7FE00BD9DF1 /* RxSwift */,
			);
			productName = NewsAppMVVMRx;
			productReference = 517F470F290AF7D300BD9DF1 /* NewsAppMVVMRx.app */;
			productType = "com.apple.product-type.application";
		};
/* End PBXNativeTarget section */

/* Begin PBXProject section */
		517F4707290AF7D300BD9DF1 /* Project object */ = {
			isa = PBXProject;
			attributes = {
				BuildIndependentTargetsInParallel = 1;
				LastSwiftUpdateCheck = 1400;
				LastUpgradeCheck = 1400;
				TargetAttributes = {
					517F470E290AF7D300BD9DF1 = {
						CreatedOnToolsVersion = 14.0.1;
					};
				};
			};
			buildConfigurationList = 517F470A290AF7D300BD9DF1 /* Build configuration list for PBXProject "NewsAppMVVMRx" */;
			compatibilityVersion = "Xcode 14.0";
			developmentRegion = en;
			hasScannedForEncodings = 0;
			knownRegions = (
				en,
				Base,
			);
			mainGroup = 517F4706290AF7D300BD9DF1;
			packageReferences = (
				517F4726290AF7FE00BD9DF1 /* XCRemoteSwiftPackageReference "RxSwift" */,
			);
			productRefGroup = 517F4710290AF7D300BD9DF1 /* Products */;
			projectDirPath = "";
			projectRoot = "";
			targets = (
				517F470E290AF7D300BD9DF1 /* NewsAppMVVMRx */,
			);
		};
/* End PBXProject section */

/* Begin PBXResourcesBuildPhase section */
		517F470D290AF7D300BD9DF1 /* Resources */ = {
			isa = PBXResourcesBuildPhase;
			buildActionMask = 2147483647;
			files = (
				517F471F290AF7D500BD9DF1 /* LaunchScreen.storyboard in Resources */,
				517F471C290AF7D500BD9DF1 /* Assets.xcassets in Resources */,
				517F471A290AF7D300BD9DF1 /* Main.storyboard in Resources */,
			);
			runOnlyForDeploymentPostprocessing = 0;
		};
/* End PBXResourcesBuildPhase section */

/* Begin PBXSourcesBuildPhase section */
		517F470B290AF7D300BD9DF1 /* Sources */ = {
			isa = PBXSourcesBuildPhase;
			buildActionMask = 2147483647;
			files = (
				517F4732290AFB4100BD9DF1 /* Article.swift in Sources */,
				517F4713290AF7D300BD9DF1 /* AppDelegate.swift in Sources */,
				517F4715290AF7D300BD9DF1 /* SceneDelegate.swift in Sources */,
				517F472F290AF91800BD9DF1 /* NewsTableViewController.swift in Sources */,
			);
			runOnlyForDeploymentPostprocessing = 0;
		};
/* End PBXSourcesBuildPhase section */

/* Begin PBXVariantGroup section */
		517F4718290AF7D300BD9DF1 /* Main.storyboard */ = {
			isa = PBXVariantGroup;
			children = (
				517F4719290AF7D300BD9DF1 /* Base */,
			);
			name = Main.storyboard;
			sourceTree = "<group>";
		};
		517F471D290AF7D500BD9DF1 /* LaunchScreen.storyboard */ = {
			isa = PBXVariantGroup;
			children = (
				517F471E290AF7D500BD9DF1 /* Base */,
			);
			name = LaunchScreen.storyboard;
			sourceTree = "<group>";
		};
/* End PBXVariantGroup section */

/* Begin XCBuildConfiguration section */
		517F4721290AF7D500BD9DF1 /* Debug */ = {
			isa = XCBuildConfiguration;
			buildSettings = {
				ALWAYS_SEARCH_USER_PATHS = NO;
				CLANG_ANALYZER_NONNULL = YES;
				CLANG_ANALYZER_NUMBER_OBJECT_CONVERSION = YES_AGGRESSIVE;
				CLANG_CXX_LANGUAGE_STANDARD = "gnu++20";
				CLANG_ENABLE_MODULES = YES;
				CLANG_ENABLE_OBJC_ARC = YES;
				CLANG_ENABLE_OBJC_WEAK = YES;
				CLANG_WARN_BLOCK_CAPTURE_AUTORELEASING = YES;
				CLANG_WARN_BOOL_CONVERSION = YES;
				CLANG_WARN_COMMA = YES;
				CLANG_WARN_CONSTANT_CONVERSION = YES;
				CLANG_WARN_DEPRECATED_OBJC_IMPLEMENTATIONS = YES;
				CLANG_WARN_DIRECT_OBJC_ISA_USAGE = YES_ERROR;
				CLANG_WARN_DOCUMENTATION_COMMENTS = YES;
				CLANG_WARN_EMPTY_BODY = YES;
				CLANG_WARN_ENUM_CONVERSION = YES;
				CLANG_WARN_INFINITE_RECURSION = YES;
				CLANG_WARN_INT_CONVERSION = YES;
				CLANG_WARN_NON_LITERAL_NULL_CONVERSION = YES;
				CLANG_WARN_OBJC_IMPLICIT_RETAIN_SELF = YES;
				CLANG_WARN_OBJC_LITERAL_CONVERSION = YES;
				CLANG_WARN_OBJC_ROOT_CLASS = YES_ERROR;
				CLANG_WARN_QUOTED_INCLUDE_IN_FRAMEWORK_HEADER = YES;
				CLANG_WARN_RANGE_LOOP_ANALYSIS = YES;
				CLANG_WARN_STRICT_PROTOTYPES = YES;
				CLANG_WARN_SUSPICIOUS_MOVE = YES;
				CLANG_WARN_UNGUARDED_AVAILABILITY = YES_AGGRESSIVE;
				CLANG_WARN_UNREACHABLE_CODE = YES;
				CLANG_WARN__DUPLICATE_METHOD_MATCH = YES;
				COPY_PHASE_STRIP = NO;
				DEBUG_INFORMATION_FORMAT = dwarf;
				ENABLE_STRICT_OBJC_MSGSEND = YES;
				ENABLE_TESTABILITY = YES;
				GCC_C_LANGUAGE_STANDARD = gnu11;
				GCC_DYNAMIC_NO_PIC = NO;
				GCC_NO_COMMON_BLOCKS = YES;
				GCC_OPTIMIZATION_LEVEL = 0;
				GCC_PREPROCESSOR_DEFINITIONS = (
					"DEBUG=1",
					"$(inherited)",
				);
				GCC_WARN_64_TO_32_BIT_CONVERSION = YES;
				GCC_WARN_ABOUT_RETURN_TYPE = YES_ERROR;
				GCC_WARN_UNDECLARED_SELECTOR = YES;
				GCC_WARN_UNINITIALIZED_AUTOS = YES_AGGRESSIVE;
				GCC_WARN_UNUSED_FUNCTION = YES;
				GCC_WARN_UNUSED_VARIABLE = YES;
				IPHONEOS_DEPLOYMENT_TARGET = 16.0;
				MTL_ENABLE_DEBUG_INFO = INCLUDE_SOURCE;
				MTL_FAST_MATH = YES;
				ONLY_ACTIVE_ARCH = YES;
				SDKROOT = iphoneos;
				SWIFT_ACTIVE_COMPILATION_CONDITIONS = DEBUG;
				SWIFT_OPTIMIZATION_LEVEL = "-Onone";
			};
			name = Debug;
		};
		517F4722290AF7D500BD9DF1 /* Release */ = {
			isa = XCBuildConfiguration;
			buildSettings = {
				ALWAYS_SEARCH_USER_PATHS = NO;
				CLANG_ANALYZER_NONNULL = YES;
				CLANG_ANALYZER_NUMBER_OBJECT_CONVERSION = YES_AGGRESSIVE;
				CLANG_CXX_LANGUAGE_STANDARD = "gnu++20";
				CLANG_ENABLE_MODULES = YES;
				CLANG_ENABLE_OBJC_ARC = YES;
				CLANG_ENABLE_OBJC_WEAK = YES;
				CLANG_WARN_BLOCK_CAPTURE_AUTORELEASING = YES;
				CLANG_WARN_BOOL_CONVERSION = YES;
				CLANG_WARN_COMMA = YES;
				CLANG_WARN_CONSTANT_CONVERSION = YES;
				CLANG_WARN_DEPRECATED_OBJC_IMPLEMENTATIONS = YES;
				CLANG_WARN_DIRECT_OBJC_ISA_USAGE = YES_ERROR;
				CLANG_WARN_DOCUMENTATION_COMMENTS = YES;
				CLANG_WARN_EMPTY_BODY = YES;
				CLANG_WARN_ENUM_CONVERSION = YES;
				CLANG_WARN_INFINITE_RECURSION = YES;
				CLANG_WARN_INT_CONVERSION = YES;
				CLANG_WARN_NON_LITERAL_NULL_CONVERSION = YES;
				CLANG_WARN_OBJC_IMPLICIT_RETAIN_SELF = YES;
				CLANG_WARN_OBJC_LITERAL_CONVERSION = YES;
				CLANG_WARN_OBJC_ROOT_CLASS = YES_ERROR;
				CLANG_WARN_QUOTED_INCLUDE_IN_FRAMEWORK_HEADER = YES;
				CLANG_WARN_RANGE_LOOP_ANALYSIS = YES;
				CLANG_WARN_STRICT_PROTOTYPES = YES;
				CLANG_WARN_SUSPICIOUS_MOVE = YES;
				CLANG_WARN_UNGUARDED_AVAILABILITY = YES_AGGRESSIVE;
				CLANG_WARN_UNREACHABLE_CODE = YES;
				CLANG_WARN__DUPLICATE_METHOD_MATCH = YES;
				COPY_PHASE_STRIP = NO;
				DEBUG_INFORMATION_FORMAT = "dwarf-with-dsym";
				ENABLE_NS_ASSERTIONS = NO;
				ENABLE_STRICT_OBJC_MSGSEND = YES;
				GCC_C_LANGUAGE_STANDARD = gnu11;
				GCC_NO_COMMON_BLOCKS = YES;
				GCC_WARN_64_TO_32_BIT_CONVERSION = YES;
				GCC_WARN_ABOUT_RETURN_TYPE = YES_ERROR;
				GCC_WARN_UNDECLARED_SELECTOR = YES;
				GCC_WARN_UNINITIALIZED_AUTOS = YES_AGGRESSIVE;
				GCC_WARN_UNUSED_FUNCTION = YES;
				GCC_WARN_UNUSED_VARIABLE = YES;
				IPHONEOS_DEPLOYMENT_TARGET = 16.0;
				MTL_ENABLE_DEBUG_INFO = NO;
				MTL_FAST_MATH = YES;
				SDKROOT = iphoneos;
				SWIFT_COMPILATION_MODE = wholemodule;
				SWIFT_OPTIMIZATION_LEVEL = "-O";
				VALIDATE_PRODUCT = YES;
			};
			name = Release;
		};
		517F4724290AF7D500BD9DF1 /* Debug */ = {
			isa = XCBuildConfiguration;
			buildSettings = {
				ASSETCATALOG_COMPILER_APPICON_NAME = AppIcon;
				ASSETCATALOG_COMPILER_GLOBAL_ACCENT_COLOR_NAME = AccentColor;
				CODE_SIGN_STYLE = Automatic;
				CURRENT_PROJECT_VERSION = 1;
				DEVELOPMENT_TEAM = 95M96Z9FUT;
				GENERATE_INFOPLIST_FILE = YES;
				INFOPLIST_FILE = NewsAppMVVMRx/Info.plist;
				INFOPLIST_KEY_UIApplicationSupportsIndirectInputEvents = YES;
				INFOPLIST_KEY_UILaunchStoryboardName = LaunchScreen;
				INFOPLIST_KEY_UIMainStoryboardFile = Main;
				INFOPLIST_KEY_UIStatusBarStyle = UIStatusBarStyleLightContent;
				INFOPLIST_KEY_UISupportedInterfaceOrientations = UIInterfaceOrientationPortrait;
				LD_RUNPATH_SEARCH_PATHS = (
					"$(inherited)",
					"@executable_path/Frameworks",
				);
				MARKETING_VERSION = 1.0;
				PRODUCT_BUNDLE_IDENTIFIER = artdevelop.com.NewsAppMVVMRx;
				PRODUCT_NAME = "$(TARGET_NAME)";
				SUPPORTED_PLATFORMS = "iphoneos iphonesimulator";
				SUPPORTS_MACCATALYST = NO;
				SUPPORTS_MAC_DESIGNED_FOR_IPHONE_IPAD = NO;
				SWIFT_EMIT_LOC_STRINGS = YES;
				SWIFT_VERSION = 5.0;
				TARGETED_DEVICE_FAMILY = "1,2";
			};
			name = Debug;
		};
		517F4725290AF7D500BD9DF1 /* Release */ = {
			isa = XCBuildConfiguration;
			buildSettings = {
				ASSETCATALOG_COMPILER_APPICON_NAME = AppIcon;
				ASSETCATALOG_COMPILER_GLOBAL_ACCENT_COLOR_NAME = AccentColor;
				CODE_SIGN_STYLE = Automatic;
				CURRENT_PROJECT_VERSION = 1;
				DEVELOPMENT_TEAM = 95M96Z9FUT;
				GENERATE_INFOPLIST_FILE = YES;
				INFOPLIST_FILE = NewsAppMVVMRx/Info.plist;
				INFOPLIST_KEY_UIApplicationSupportsIndirectInputEvents = YES;
				INFOPLIST_KEY_UILaunchStoryboardName = LaunchScreen;
				INFOPLIST_KEY_UIMainStoryboardFile = Main;
				INFOPLIST_KEY_UIStatusBarStyle = UIStatusBarStyleLightContent;
				INFOPLIST_KEY_UISupportedInterfaceOrientations = UIInterfaceOrientationPortrait;
				LD_RUNPATH_SEARCH_PATHS = (
					"$(inherited)",
					"@executable_path/Frameworks",
				);
				MARKETING_VERSION = 1.0;
				PRODUCT_BUNDLE_IDENTIFIER = artdevelop.com.NewsAppMVVMRx;
				PRODUCT_NAME = "$(TARGET_NAME)";
				SUPPORTED_PLATFORMS = "iphoneos iphonesimulator";
				SUPPORTS_MACCATALYST = NO;
				SUPPORTS_MAC_DESIGNED_FOR_IPHONE_IPAD = NO;
				SWIFT_EMIT_LOC_STRINGS = YES;
				SWIFT_VERSION = 5.0;
				TARGETED_DEVICE_FAMILY = "1,2";
			};
			name = Release;
		};
/* End XCBuildConfiguration section */

/* Begin XCConfigurationList section */
		517F470A290AF7D300BD9DF1 /* Build configuration list for PBXProject "NewsAppMVVMRx" */ = {
			isa = XCConfigurationList;
			buildConfigurations = (
				517F4721290AF7D500BD9DF1 /* Debug */,
				517F4722290AF7D500BD9DF1 /* Release */,
			);
			defaultConfigurationIsVisible = 0;
			defaultConfigurationName = Release;
		};
		517F4723290AF7D500BD9DF1 /* Build configuration list for PBXNativeTarget "NewsAppMVVMRx" */ = {
			isa = XCConfigurationList;
			buildConfigurations = (
				517F4724290AF7D500BD9DF1 /* Debug */,
				517F4725290AF7D500BD9DF1 /* Release */,
			);
			defaultConfigurationIsVisible = 0;
			defaultConfigurationName = Release;
		};
/* End XCConfigurationList section */

/* Begin XCRemoteSwiftPackageReference section */
		517F4726290AF7FE00BD9DF1 /* XCRemoteSwiftPackageReference "RxSwift" */ = {
			isa = XCRemoteSwiftPackageReference;
			repositoryURL = "https://github.com/ReactiveX/RxSwift";
			requirement = {
				kind = upToNextMinorVersion;
				minimumVersion = 6.5.0;
			};
		};
/* End XCRemoteSwiftPackageReference section */

/* Begin XCSwiftPackageProductDependency section */
		517F4727290AF7FE00BD9DF1 /* RxCocoa */ = {
			isa = XCSwiftPackageProductDependency;
			package = 517F4726290AF7FE00BD9DF1 /* XCRemoteSwiftPackageReference "RxSwift" */;
			productName = RxCocoa;
		};
		517F4729290AF7FE00BD9DF1 /* RxRelay */ = {
			isa = XCSwiftPackageProductDependency;
			package = 517F4726290AF7FE00BD9DF1 /* XCRemoteSwiftPackageReference "RxSwift" */;
			productName = RxRelay;
		};
		517F472B290AF7FE00BD9DF1 /* RxSwift */ = {
			isa = XCSwiftPackageProductDependency;
			package = 517F4726290AF7FE00BD9DF1 /* XCRemoteSwiftPackageReference "RxSwift" */;
			productName = RxSwift;
		};
/* End XCSwiftPackageProductDependency section */
	};
	rootObject = 517F4707290AF7D300BD9DF1 /* Project object */;
}
